
Microsoft Visual Studio Solution File, Format Version 12.00
# Visual Studio Version 17
VisualStudioVersion = 17.0.32126.317
MinimumVisualStudioVersion = 10.0.40219.1
Project("{FAE04EC0-301F-11D3-BF4B-00C04F79EFBC}") = "ASCII_Pictures", "ASCII_Pictures\ASCII_Pictures.csproj", "{4E863268-EA54-412A-9DCF-54D47F9AFDA1}"
EndProject
Global
	GlobalSection(SolutionConfigurationPlatforms) = preSolution
		Debug|Any CPU = Debug|Any CPU
		Release|Any CPU = Release|Any CPU
	EndGlobalSection
	GlobalSection(ProjectConfigurationPlatforms) = postSolution
		{4E863268-EA54-412A-9DCF-54D47F9AFDA1}.Debug|Any CPU.ActiveCfg = Debug|Any CPU
		{4E863268-EA54-412A-9DCF-54D47F9AFDA1}.Debug|Any CPU.Build.0 = Debug|Any CPU
		{4E863268-EA54-412A-9DCF-54D47F9AFDA1}.Release|Any CPU.ActiveCfg = Release|Any CPU
		{4E863268-EA54-412A-9DCF-54D47F9AFDA1}.Release|Any CPU.Build.0 = Release|Any CPU
	EndGlobalSection
	GlobalSection(SolutionProperties) = preSolution
		HideSolutionNode = FALSE
	EndGlobalSection
	GlobalSection(ExtensibilityGlobals) = postSolution
		SolutionGuid = {C795B607-E494-48C8-B0DB-DB0A7EBFF22C}
	EndGlobalSection
EndGlobal
